
Microsoft Visual Studio Solution File, Format Version 12.00
# Visual Studio 2012
Project("{FAE04EC0-301F-11D3-BF4B-00C04F79EFBC}") = "MeteoRServer", "MeteoRServer\MeteoRServer.csproj", "{5919C161-089D-4DD0-94A2-2FF432E5C4D9}"
EndProject
Project("{FAE04EC0-301F-11D3-BF4B-00C04F79EFBC}") = "MeteoRInterfaceModel", "MeteoRInterfaceModel\MeteoRInterfaceModel.csproj", "{23E2D428-39F5-4C40-BBC4-2738A5F54867}"
EndProject
Project("{FAE04EC0-301F-11D3-BF4B-00C04F79EFBC}") = "MeteoRMobile", "MeteoRMobile\MeteoRMobile.csproj", "{3E7CD953-98EE-4D55-BDB8-886FBA22E594}"
EndProject
Project("{FAE04EC0-301F-11D3-BF4B-00C04F79EFBC}") = "MeteoRClient", "MeteoRClient\MeteoRClient.csproj", "{2D32EA03-E16C-4863-B035-0E0C46F553D3}"
EndProject
Project("{2150E333-8FDC-42A3-9474-1A3956D46DE8}") = ".nuget", ".nuget", "{2497204A-F616-4A57-9D18-F580177C2EDD}"
	ProjectSection(SolutionItems) = preProject
		.nuget\NuGet.Config = .nuget\NuGet.Config
		.nuget\NuGet.exe = .nuget\NuGet.exe
		.nuget\NuGet.targets = .nuget\NuGet.targets
	EndProjectSection
EndProject
Project("{FAE04EC0-301F-11D3-BF4B-00C04F79EFBC}") = "MeteoRClient.Test", "MeteoRClient.Test\MeteoRClient.Test.csproj", "{DE8649D4-E018-4393-8DD2-16DCAADD89D4}"
EndProject
Project("{FAE04EC0-301F-11D3-BF4B-00C04F79EFBC}") = "MeteoRInterfaceModel.Test", "MeteoRInterfaceModel.Test\MeteoRInterfaceModel.Test.csproj", "{761C8E25-C9DE-47DB-B34E-86818EEC3A57}"
EndProject
Project("{FAE04EC0-301F-11D3-BF4B-00C04F79EFBC}") = "MeteoRWeatherStation", "MeteoRWeatherStation\MeteoRWeatherStation.csproj", "{98ED3268-A567-48CF-A6F1-10CACE9AF222}"
EndProject
Global
	GlobalSection(SolutionConfigurationPlatforms) = preSolution
		Ad-Hoc|Any CPU = Ad-Hoc|Any CPU
		Ad-Hoc|iPhone = Ad-Hoc|iPhone
		Ad-Hoc|iPhoneSimulator = Ad-Hoc|iPhoneSimulator
		Ad-Hoc|Mixed Platforms = Ad-Hoc|Mixed Platforms
		AppStore|Any CPU = AppStore|Any CPU
		AppStore|iPhone = AppStore|iPhone
		AppStore|iPhoneSimulator = AppStore|iPhoneSimulator
		AppStore|Mixed Platforms = AppStore|Mixed Platforms
		Debug|Any CPU = Debug|Any CPU
		Debug|iPhone = Debug|iPhone
		Debug|iPhoneSimulator = Debug|iPhoneSimulator
		Debug|Mixed Platforms = Debug|Mixed Platforms
		Release|Any CPU = Release|Any CPU
		Release|iPhone = Release|iPhone
		Release|iPhoneSimulator = Release|iPhoneSimulator
		Release|Mixed Platforms = Release|Mixed Platforms
	EndGlobalSection
	GlobalSection(ProjectConfigurationPlatforms) = postSolution
		{5919C161-089D-4DD0-94A2-2FF432E5C4D9}.Ad-Hoc|Any CPU.ActiveCfg = Release|Any CPU
		{5919C161-089D-4DD0-94A2-2FF432E5C4D9}.Ad-Hoc|Any CPU.Build.0 = Release|Any CPU
		{5919C161-089D-4DD0-94A2-2FF432E5C4D9}.Ad-Hoc|iPhone.ActiveCfg = Release|Any CPU
		{5919C161-089D-4DD0-94A2-2FF432E5C4D9}.Ad-Hoc|iPhoneSimulator.ActiveCfg = Release|Any CPU
		{5919C161-089D-4DD0-94A2-2FF432E5C4D9}.Ad-Hoc|Mixed Platforms.ActiveCfg = Release|Any CPU
		{5919C161-089D-4DD0-94A2-2FF432E5C4D9}.Ad-Hoc|Mixed Platforms.Build.0 = Release|Any CPU
		{5919C161-089D-4DD0-94A2-2FF432E5C4D9}.AppStore|Any CPU.ActiveCfg = Release|Any CPU
		{5919C161-089D-4DD0-94A2-2FF432E5C4D9}.AppStore|Any CPU.Build.0 = Release|Any CPU
		{5919C161-089D-4DD0-94A2-2FF432E5C4D9}.AppStore|iPhone.ActiveCfg = Release|Any CPU
		{5919C161-089D-4DD0-94A2-2FF432E5C4D9}.AppStore|iPhoneSimulator.ActiveCfg = Release|Any CPU
		{5919C161-089D-4DD0-94A2-2FF432E5C4D9}.AppStore|Mixed Platforms.ActiveCfg = Release|Any CPU
		{5919C161-089D-4DD0-94A2-2FF432E5C4D9}.AppStore|Mixed Platforms.Build.0 = Release|Any CPU
		{5919C161-089D-4DD0-94A2-2FF432E5C4D9}.Debug|Any CPU.ActiveCfg = Debug|Any CPU
		{5919C161-089D-4DD0-94A2-2FF432E5C4D9}.Debug|Any CPU.Build.0 = Debug|Any CPU
		{5919C161-089D-4DD0-94A2-2FF432E5C4D9}.Debug|iPhone.ActiveCfg = Debug|Any CPU
		{5919C161-089D-4DD0-94A2-2FF432E5C4D9}.Debug|iPhoneSimulator.ActiveCfg = Debug|Any CPU
		{5919C161-089D-4DD0-94A2-2FF432E5C4D9}.Debug|Mixed Platforms.ActiveCfg = Debug|Any CPU
		{5919C161-089D-4DD0-94A2-2FF432E5C4D9}.Debug|Mixed Platforms.Build.0 = Debug|Any CPU
		{5919C161-089D-4DD0-94A2-2FF432E5C4D9}.Release|Any CPU.ActiveCfg = Release|Any CPU
		{5919C161-089D-4DD0-94A2-2FF432E5C4D9}.Release|Any CPU.Build.0 = Release|Any CPU
		{5919C161-089D-4DD0-94A2-2FF432E5C4D9}.Release|iPhone.ActiveCfg = Release|Any CPU
		{5919C161-089D-4DD0-94A2-2FF432E5C4D9}.Release|iPhoneSimulator.ActiveCfg = Release|Any CPU
		{5919C161-089D-4DD0-94A2-2FF432E5C4D9}.Release|Mixed Platforms.ActiveCfg = Release|Any CPU
		{5919C161-089D-4DD0-94A2-2FF432E5C4D9}.Release|Mixed Platforms.Build.0 = Release|Any CPU
		{23E2D428-39F5-4C40-BBC4-2738A5F54867}.Ad-Hoc|Any CPU.ActiveCfg = Release|Any CPU
		{23E2D428-39F5-4C40-BBC4-2738A5F54867}.Ad-Hoc|Any CPU.Build.0 = Release|Any CPU
		{23E2D428-39F5-4C40-BBC4-2738A5F54867}.Ad-Hoc|iPhone.ActiveCfg = Release|Any CPU
		{23E2D428-39F5-4C40-BBC4-2738A5F54867}.Ad-Hoc|iPhoneSimulator.ActiveCfg = Release|Any CPU
		{23E2D428-39F5-4C40-BBC4-2738A5F54867}.Ad-Hoc|Mixed Platforms.ActiveCfg = Release|Any CPU
		{23E2D428-39F5-4C40-BBC4-2738A5F54867}.Ad-Hoc|Mixed Platforms.Build.0 = Release|Any CPU
		{23E2D428-39F5-4C40-BBC4-2738A5F54867}.AppStore|Any CPU.ActiveCfg = Release|Any CPU
		{23E2D428-39F5-4C40-BBC4-2738A5F54867}.AppStore|Any CPU.Build.0 = Release|Any CPU
		{23E2D428-39F5-4C40-BBC4-2738A5F54867}.AppStore|iPhone.ActiveCfg = Release|Any CPU
		{23E2D428-39F5-4C40-BBC4-2738A5F54867}.AppStore|iPhoneSimulator.ActiveCfg = Release|Any CPU
		{23E2D428-39F5-4C40-BBC4-2738A5F54867}.AppStore|Mixed Platforms.ActiveCfg = Release|Any CPU
		{23E2D428-39F5-4C40-BBC4-2738A5F54867}.AppStore|Mixed Platforms.Build.0 = Release|Any CPU
		{23E2D428-39F5-4C40-BBC4-2738A5F54867}.Debug|Any CPU.ActiveCfg = Debug|Any CPU
		{23E2D428-39F5-4C40-BBC4-2738A5F54867}.Debug|Any CPU.Build.0 = Debug|Any CPU
		{23E2D428-39F5-4C40-BBC4-2738A5F54867}.Debug|iPhone.ActiveCfg = Debug|Any CPU
		{23E2D428-39F5-4C40-BBC4-2738A5F54867}.Debug|iPhoneSimulator.ActiveCfg = Debug|Any CPU
		{23E2D428-39F5-4C40-BBC4-2738A5F54867}.Debug|Mixed Platforms.ActiveCfg = Debug|Any CPU
		{23E2D428-39F5-4C40-BBC4-2738A5F54867}.Debug|Mixed Platforms.Build.0 = Debug|Any CPU
		{23E2D428-39F5-4C40-BBC4-2738A5F54867}.Release|Any CPU.ActiveCfg = Release|Any CPU
		{23E2D428-39F5-4C40-BBC4-2738A5F54867}.Release|Any CPU.Build.0 = Release|Any CPU
		{23E2D428-39F5-4C40-BBC4-2738A5F54867}.Release|iPhone.ActiveCfg = Release|Any CPU
		{23E2D428-39F5-4C40-BBC4-2738A5F54867}.Release|iPhoneSimulator.ActiveCfg = Release|Any CPU
		{23E2D428-39F5-4C40-BBC4-2738A5F54867}.Release|Mixed Platforms.ActiveCfg = Release|Any CPU
		{23E2D428-39F5-4C40-BBC4-2738A5F54867}.Release|Mixed Platforms.Build.0 = Release|Any CPU
		{3E7CD953-98EE-4D55-BDB8-886FBA22E594}.Ad-Hoc|Any CPU.ActiveCfg = Release|Any CPU
		{3E7CD953-98EE-4D55-BDB8-886FBA22E594}.Ad-Hoc|Any CPU.Build.0 = Release|Any CPU
		{3E7CD953-98EE-4D55-BDB8-886FBA22E594}.Ad-Hoc|Any CPU.Deploy.0 = Release|Any CPU
		{3E7CD953-98EE-4D55-BDB8-886FBA22E594}.Ad-Hoc|iPhone.ActiveCfg = Release|Any CPU
		{3E7CD953-98EE-4D55-BDB8-886FBA22E594}.Ad-Hoc|iPhoneSimulator.ActiveCfg = Release|Any CPU
		{3E7CD953-98EE-4D55-BDB8-886FBA22E594}.Ad-Hoc|Mixed Platforms.ActiveCfg = Release|Any CPU
		{3E7CD953-98EE-4D55-BDB8-886FBA22E594}.Ad-Hoc|Mixed Platforms.Build.0 = Release|Any CPU
		{3E7CD953-98EE-4D55-BDB8-886FBA22E594}.Ad-Hoc|Mixed Platforms.Deploy.0 = Release|Any CPU
		{3E7CD953-98EE-4D55-BDB8-886FBA22E594}.AppStore|Any CPU.ActiveCfg = Release|Any CPU
		{3E7CD953-98EE-4D55-BDB8-886FBA22E594}.AppStore|Any CPU.Build.0 = Release|Any CPU
		{3E7CD953-98EE-4D55-BDB8-886FBA22E594}.AppStore|Any CPU.Deploy.0 = Release|Any CPU
		{3E7CD953-98EE-4D55-BDB8-886FBA22E594}.AppStore|iPhone.ActiveCfg = Release|Any CPU
		{3E7CD953-98EE-4D55-BDB8-886FBA22E594}.AppStore|iPhoneSimulator.ActiveCfg = Release|Any CPU
		{3E7CD953-98EE-4D55-BDB8-886FBA22E594}.AppStore|Mixed Platforms.ActiveCfg = Release|Any CPU
		{3E7CD953-98EE-4D55-BDB8-886FBA22E594}.AppStore|Mixed Platforms.Build.0 = Release|Any CPU
		{3E7CD953-98EE-4D55-BDB8-886FBA22E594}.AppStore|Mixed Platforms.Deploy.0 = Release|Any CPU
		{3E7CD953-98EE-4D55-BDB8-886FBA22E594}.Debug|Any CPU.ActiveCfg = Debug|Any CPU
		{3E7CD953-98EE-4D55-BDB8-886FBA22E594}.Debug|Any CPU.Build.0 = Debug|Any CPU
		{3E7CD953-98EE-4D55-BDB8-886FBA22E594}.Debug|Any CPU.Deploy.0 = Debug|Any CPU
		{3E7CD953-98EE-4D55-BDB8-886FBA22E594}.Debug|iPhone.ActiveCfg = Debug|Any CPU
		{3E7CD953-98EE-4D55-BDB8-886FBA22E594}.Debug|iPhoneSimulator.ActiveCfg = Debug|Any CPU
		{3E7CD953-98EE-4D55-BDB8-886FBA22E594}.Debug|Mixed Platforms.ActiveCfg = Debug|Any CPU
		{3E7CD953-98EE-4D55-BDB8-886FBA22E594}.Debug|Mixed Platforms.Build.0 = Debug|Any CPU
		{3E7CD953-98EE-4D55-BDB8-886FBA22E594}.Debug|Mixed Platforms.Deploy.0 = Debug|Any CPU
		{3E7CD953-98EE-4D55-BDB8-886FBA22E594}.Release|Any CPU.ActiveCfg = Release|Any CPU
		{3E7CD953-98EE-4D55-BDB8-886FBA22E594}.Release|Any CPU.Build.0 = Release|Any CPU
		{3E7CD953-98EE-4D55-BDB8-886FBA22E594}.Release|Any CPU.Deploy.0 = Release|Any CPU
		{3E7CD953-98EE-4D55-BDB8-886FBA22E594}.Release|iPhone.ActiveCfg = Release|Any CPU
		{3E7CD953-98EE-4D55-BDB8-886FBA22E594}.Release|iPhoneSimulator.ActiveCfg = Release|Any CPU
		{3E7CD953-98EE-4D55-BDB8-886FBA22E594}.Release|Mixed Platforms.ActiveCfg = Release|Any CPU
		{3E7CD953-98EE-4D55-BDB8-886FBA22E594}.Release|Mixed Platforms.Build.0 = Release|Any CPU
		{3E7CD953-98EE-4D55-BDB8-886FBA22E594}.Release|Mixed Platforms.Deploy.0 = Release|Any CPU
		{2D32EA03-E16C-4863-B035-0E0C46F553D3}.Ad-Hoc|Any CPU.ActiveCfg = Release|Any CPU
		{2D32EA03-E16C-4863-B035-0E0C46F553D3}.Ad-Hoc|iPhone.ActiveCfg = Release|Any CPU
		{2D32EA03-E16C-4863-B035-0E0C46F553D3}.Ad-Hoc|iPhoneSimulator.ActiveCfg = Release|Any CPU
		{2D32EA03-E16C-4863-B035-0E0C46F553D3}.Ad-Hoc|Mixed Platforms.ActiveCfg = Release|Any CPU
		{2D32EA03-E16C-4863-B035-0E0C46F553D3}.AppStore|Any CPU.ActiveCfg = Release|Any CPU
		{2D32EA03-E16C-4863-B035-0E0C46F553D3}.AppStore|iPhone.ActiveCfg = Release|Any CPU
		{2D32EA03-E16C-4863-B035-0E0C46F553D3}.AppStore|iPhoneSimulator.ActiveCfg = Release|Any CPU
		{2D32EA03-E16C-4863-B035-0E0C46F553D3}.AppStore|Mixed Platforms.ActiveCfg = Release|Any CPU
		{2D32EA03-E16C-4863-B035-0E0C46F553D3}.Debug|Any CPU.ActiveCfg = Debug|Any CPU
		{2D32EA03-E16C-4863-B035-0E0C46F553D3}.Debug|Any CPU.Build.0 = Debug|Any CPU
		{2D32EA03-E16C-4863-B035-0E0C46F553D3}.Debug|iPhone.ActiveCfg = Debug|Any CPU
		{2D32EA03-E16C-4863-B035-0E0C46F553D3}.Debug|iPhoneSimulator.ActiveCfg = Debug|Any CPU
		{2D32EA03-E16C-4863-B035-0E0C46F553D3}.Debug|Mixed Platforms.ActiveCfg = Debug|Any CPU
		{2D32EA03-E16C-4863-B035-0E0C46F553D3}.Release|Any CPU.ActiveCfg = Release|Any CPU
		{2D32EA03-E16C-4863-B035-0E0C46F553D3}.Release|Any CPU.Build.0 = Release|Any CPU
		{2D32EA03-E16C-4863-B035-0E0C46F553D3}.Release|iPhone.ActiveCfg = Release|Any CPU
		{2D32EA03-E16C-4863-B035-0E0C46F553D3}.Release|iPhoneSimulator.ActiveCfg = Release|Any CPU
		{2D32EA03-E16C-4863-B035-0E0C46F553D3}.Release|Mixed Platforms.ActiveCfg = Release|Any CPU
		{DE8649D4-E018-4393-8DD2-16DCAADD89D4}.Ad-Hoc|Any CPU.ActiveCfg = Release|Any CPU
		{DE8649D4-E018-4393-8DD2-16DCAADD89D4}.Ad-Hoc|Any CPU.Build.0 = Release|Any CPU
		{DE8649D4-E018-4393-8DD2-16DCAADD89D4}.Ad-Hoc|iPhone.ActiveCfg = Release|Any CPU
		{DE8649D4-E018-4393-8DD2-16DCAADD89D4}.Ad-Hoc|iPhoneSimulator.ActiveCfg = Release|Any CPU
		{DE8649D4-E018-4393-8DD2-16DCAADD89D4}.Ad-Hoc|Mixed Platforms.ActiveCfg = Release|Any CPU
		{DE8649D4-E018-4393-8DD2-16DCAADD89D4}.Ad-Hoc|Mixed Platforms.Build.0 = Release|Any CPU
		{DE8649D4-E018-4393-8DD2-16DCAADD89D4}.AppStore|Any CPU.ActiveCfg = Release|Any CPU
		{DE8649D4-E018-4393-8DD2-16DCAADD89D4}.AppStore|Any CPU.Build.0 = Release|Any CPU
		{DE8649D4-E018-4393-8DD2-16DCAADD89D4}.AppStore|iPhone.ActiveCfg = Release|Any CPU
		{DE8649D4-E018-4393-8DD2-16DCAADD89D4}.AppStore|iPhoneSimulator.ActiveCfg = Release|Any CPU
		{DE8649D4-E018-4393-8DD2-16DCAADD89D4}.AppStore|Mixed Platforms.ActiveCfg = Release|Any CPU
		{DE8649D4-E018-4393-8DD2-16DCAADD89D4}.AppStore|Mixed Platforms.Build.0 = Release|Any CPU
		{DE8649D4-E018-4393-8DD2-16DCAADD89D4}.Debug|Any CPU.ActiveCfg = Debug|Any CPU
		{DE8649D4-E018-4393-8DD2-16DCAADD89D4}.Debug|Any CPU.Build.0 = Debug|Any CPU
		{DE8649D4-E018-4393-8DD2-16DCAADD89D4}.Debug|iPhone.ActiveCfg = Debug|Any CPU
		{DE8649D4-E018-4393-8DD2-16DCAADD89D4}.Debug|iPhoneSimulator.ActiveCfg = Debug|Any CPU
		{DE8649D4-E018-4393-8DD2-16DCAADD89D4}.Debug|Mixed Platforms.ActiveCfg = Debug|Any CPU
		{DE8649D4-E018-4393-8DD2-16DCAADD89D4}.Debug|Mixed Platforms.Build.0 = Debug|Any CPU
		{DE8649D4-E018-4393-8DD2-16DCAADD89D4}.Release|Any CPU.ActiveCfg = Release|Any CPU
		{DE8649D4-E018-4393-8DD2-16DCAADD89D4}.Release|Any CPU.Build.0 = Release|Any CPU
		{DE8649D4-E018-4393-8DD2-16DCAADD89D4}.Release|iPhone.ActiveCfg = Release|Any CPU
		{DE8649D4-E018-4393-8DD2-16DCAADD89D4}.Release|iPhoneSimulator.ActiveCfg = Release|Any CPU
		{DE8649D4-E018-4393-8DD2-16DCAADD89D4}.Release|Mixed Platforms.ActiveCfg = Release|Any CPU
		{DE8649D4-E018-4393-8DD2-16DCAADD89D4}.Release|Mixed Platforms.Build.0 = Release|Any CPU
		{761C8E25-C9DE-47DB-B34E-86818EEC3A57}.Ad-Hoc|Any CPU.ActiveCfg = Release|Any CPU
		{761C8E25-C9DE-47DB-B34E-86818EEC3A57}.Ad-Hoc|Any CPU.Build.0 = Release|Any CPU
		{761C8E25-C9DE-47DB-B34E-86818EEC3A57}.Ad-Hoc|iPhone.ActiveCfg = Release|Any CPU
		{761C8E25-C9DE-47DB-B34E-86818EEC3A57}.Ad-Hoc|iPhoneSimulator.ActiveCfg = Release|Any CPU
		{761C8E25-C9DE-47DB-B34E-86818EEC3A57}.Ad-Hoc|Mixed Platforms.ActiveCfg = Release|Any CPU
		{761C8E25-C9DE-47DB-B34E-86818EEC3A57}.Ad-Hoc|Mixed Platforms.Build.0 = Release|Any CPU
		{761C8E25-C9DE-47DB-B34E-86818EEC3A57}.AppStore|Any CPU.ActiveCfg = Release|Any CPU
		{761C8E25-C9DE-47DB-B34E-86818EEC3A57}.AppStore|Any CPU.Build.0 = Release|Any CPU
		{761C8E25-C9DE-47DB-B34E-86818EEC3A57}.AppStore|iPhone.ActiveCfg = Release|Any CPU
		{761C8E25-C9DE-47DB-B34E-86818EEC3A57}.AppStore|iPhoneSimulator.ActiveCfg = Release|Any CPU
		{761C8E25-C9DE-47DB-B34E-86818EEC3A57}.AppStore|Mixed Platforms.ActiveCfg = Release|Any CPU
		{761C8E25-C9DE-47DB-B34E-86818EEC3A57}.AppStore|Mixed Platforms.Build.0 = Release|Any CPU
		{761C8E25-C9DE-47DB-B34E-86818EEC3A57}.Debug|Any CPU.ActiveCfg = Debug|Any CPU
		{761C8E25-C9DE-47DB-B34E-86818EEC3A57}.Debug|Any CPU.Build.0 = Debug|Any CPU
		{761C8E25-C9DE-47DB-B34E-86818EEC3A57}.Debug|iPhone.ActiveCfg = Debug|Any CPU
		{761C8E25-C9DE-47DB-B34E-86818EEC3A57}.Debug|iPhoneSimulator.ActiveCfg = Debug|Any CPU
		{761C8E25-C9DE-47DB-B34E-86818EEC3A57}.Debug|Mixed Platforms.ActiveCfg = Debug|Any CPU
		{761C8E25-C9DE-47DB-B34E-86818EEC3A57}.Debug|Mixed Platforms.Build.0 = Debug|Any CPU
		{761C8E25-C9DE-47DB-B34E-86818EEC3A57}.Release|Any CPU.ActiveCfg = Release|Any CPU
		{761C8E25-C9DE-47DB-B34E-86818EEC3A57}.Release|Any CPU.Build.0 = Release|Any CPU
		{761C8E25-C9DE-47DB-B34E-86818EEC3A57}.Release|iPhone.ActiveCfg = Release|Any CPU
		{761C8E25-C9DE-47DB-B34E-86818EEC3A57}.Release|iPhoneSimulator.ActiveCfg = Release|Any CPU
		{761C8E25-C9DE-47DB-B34E-86818EEC3A57}.Release|Mixed Platforms.ActiveCfg = Release|Any CPU
		{761C8E25-C9DE-47DB-B34E-86818EEC3A57}.Release|Mixed Platforms.Build.0 = Release|Any CPU
		{98ED3268-A567-48CF-A6F1-10CACE9AF222}.Ad-Hoc|Any CPU.ActiveCfg = Release|Any CPU
		{98ED3268-A567-48CF-A6F1-10CACE9AF222}.Ad-Hoc|Any CPU.Build.0 = Release|Any CPU
		{98ED3268-A567-48CF-A6F1-10CACE9AF222}.Ad-Hoc|Any CPU.Deploy.0 = Release|Any CPU
		{98ED3268-A567-48CF-A6F1-10CACE9AF222}.Ad-Hoc|iPhone.ActiveCfg = Release|Any CPU
		{98ED3268-A567-48CF-A6F1-10CACE9AF222}.Ad-Hoc|iPhoneSimulator.ActiveCfg = Release|Any CPU
		{98ED3268-A567-48CF-A6F1-10CACE9AF222}.Ad-Hoc|Mixed Platforms.ActiveCfg = Release|Any CPU
		{98ED3268-A567-48CF-A6F1-10CACE9AF222}.Ad-Hoc|Mixed Platforms.Build.0 = Release|Any CPU
		{98ED3268-A567-48CF-A6F1-10CACE9AF222}.Ad-Hoc|Mixed Platforms.Deploy.0 = Release|Any CPU
		{98ED3268-A567-48CF-A6F1-10CACE9AF222}.AppStore|Any CPU.ActiveCfg = Release|Any CPU
		{98ED3268-A567-48CF-A6F1-10CACE9AF222}.AppStore|Any CPU.Build.0 = Release|Any CPU
		{98ED3268-A567-48CF-A6F1-10CACE9AF222}.AppStore|Any CPU.Deploy.0 = Release|Any CPU
		{98ED3268-A567-48CF-A6F1-10CACE9AF222}.AppStore|iPhone.ActiveCfg = Release|Any CPU
		{98ED3268-A567-48CF-A6F1-10CACE9AF222}.AppStore|iPhoneSimulator.ActiveCfg = Release|Any CPU
		{98ED3268-A567-48CF-A6F1-10CACE9AF222}.AppStore|Mixed Platforms.ActiveCfg = Release|Any CPU
		{98ED3268-A567-48CF-A6F1-10CACE9AF222}.AppStore|Mixed Platforms.Build.0 = Release|Any CPU
		{98ED3268-A567-48CF-A6F1-10CACE9AF222}.AppStore|Mixed Platforms.Deploy.0 = Release|Any CPU
		{98ED3268-A567-48CF-A6F1-10CACE9AF222}.Debug|Any CPU.ActiveCfg = Debug|Any CPU
		{98ED3268-A567-48CF-A6F1-10CACE9AF222}.Debug|Any CPU.Build.0 = Debug|Any CPU
		{98ED3268-A567-48CF-A6F1-10CACE9AF222}.Debug|Any CPU.Deploy.0 = Debug|Any CPU
		{98ED3268-A567-48CF-A6F1-10CACE9AF222}.Debug|iPhone.ActiveCfg = Debug|Any CPU
		{98ED3268-A567-48CF-A6F1-10CACE9AF222}.Debug|iPhoneSimulator.ActiveCfg = Debug|Any CPU
		{98ED3268-A567-48CF-A6F1-10CACE9AF222}.Debug|Mixed Platforms.ActiveCfg = Debug|Any CPU
		{98ED3268-A567-48CF-A6F1-10CACE9AF222}.Debug|Mixed Platforms.Build.0 = Debug|Any CPU
		{98ED3268-A567-48CF-A6F1-10CACE9AF222}.Debug|Mixed Platforms.Deploy.0 = Debug|Any CPU
		{98ED3268-A567-48CF-A6F1-10CACE9AF222}.Release|Any CPU.ActiveCfg = Release|Any CPU
		{98ED3268-A567-48CF-A6F1-10CACE9AF222}.Release|Any CPU.Build.0 = Release|Any CPU
		{98ED3268-A567-48CF-A6F1-10CACE9AF222}.Release|Any CPU.Deploy.0 = Release|Any CPU
		{98ED3268-A567-48CF-A6F1-10CACE9AF222}.Release|iPhone.ActiveCfg = Release|Any CPU
		{98ED3268-A567-48CF-A6F1-10CACE9AF222}.Release|iPhoneSimulator.ActiveCfg = Release|Any CPU
		{98ED3268-A567-48CF-A6F1-10CACE9AF222}.Release|Mixed Platforms.ActiveCfg = Release|Any CPU
		{98ED3268-A567-48CF-A6F1-10CACE9AF222}.Release|Mixed Platforms.Build.0 = Release|Any CPU
		{98ED3268-A567-48CF-A6F1-10CACE9AF222}.Release|Mixed Platforms.Deploy.0 = Release|Any CPU
	EndGlobalSection
	GlobalSection(SolutionProperties) = preSolution
		HideSolutionNode = FALSE
	EndGlobalSection
	GlobalSection(NestedProjects) = preSolution
		{2D32EA03-E16C-4863-B035-0E0C46F553D3} = {2497204A-F616-4A57-9D18-F580177C2EDD}
	EndGlobalSection
EndGlobal
