
Microsoft Visual Studio Solution File, Format Version 12.00
# Visual Studio 2012
Project("{FAE04EC0-301F-11D3-BF4B-00C04F79EFBC}") = "MeteoRServer", "MeteoRServer\MeteoRServer.csproj", "{5919C161-089D-4DD0-94A2-2FF432E5C4D9}"
EndProject
Project("{FAE04EC0-301F-11D3-BF4B-00C04F79EFBC}") = "MeteoRInterfaceModel", "MeteoRInterfaceModel\MeteoRInterfaceModel.csproj", "{23E2D428-39F5-4C40-BBC4-2738A5F54867}"
EndProject
Project("{FAE04EC0-301F-11D3-BF4B-00C04F79EFBC}") = "MeteoRMobile", "MeteoRMobile\MeteoRMobile.csproj", "{3E7CD953-98EE-4D55-BDB8-886FBA22E594}"
EndProject
Project("{FAE04EC0-301F-11D3-BF4B-00C04F79EFBC}") = "MeteoRClient", "MeteoRClient\MeteoRClient.csproj", "{2D32EA03-E16C-4863-B035-0E0C46F553D3}"
EndProject
Global
	GlobalSection(SolutionConfigurationPlatforms) = preSolution
		Debug|Any CPU = Debug|Any CPU
		Release|Any CPU = Release|Any CPU
	EndGlobalSection
	GlobalSection(ProjectConfigurationPlatforms) = postSolution
		{5919C161-089D-4DD0-94A2-2FF432E5C4D9}.Debug|Any CPU.ActiveCfg = Debug|Any CPU
		{5919C161-089D-4DD0-94A2-2FF432E5C4D9}.Debug|Any CPU.Build.0 = Debug|Any CPU
		{5919C161-089D-4DD0-94A2-2FF432E5C4D9}.Release|Any CPU.ActiveCfg = Release|Any CPU
		{5919C161-089D-4DD0-94A2-2FF432E5C4D9}.Release|Any CPU.Build.0 = Release|Any CPU
		{23E2D428-39F5-4C40-BBC4-2738A5F54867}.Debug|Any CPU.ActiveCfg = Debug|Any CPU
		{23E2D428-39F5-4C40-BBC4-2738A5F54867}.Debug|Any CPU.Build.0 = Debug|Any CPU
		{23E2D428-39F5-4C40-BBC4-2738A5F54867}.Release|Any CPU.ActiveCfg = Release|Any CPU
		{23E2D428-39F5-4C40-BBC4-2738A5F54867}.Release|Any CPU.Build.0 = Release|Any CPU
		{3E7CD953-98EE-4D55-BDB8-886FBA22E594}.Debug|Any CPU.ActiveCfg = Debug|Any CPU
		{3E7CD953-98EE-4D55-BDB8-886FBA22E594}.Debug|Any CPU.Build.0 = Debug|Any CPU
		{3E7CD953-98EE-4D55-BDB8-886FBA22E594}.Debug|Any CPU.Deploy.0 = Debug|Any CPU
		{3E7CD953-98EE-4D55-BDB8-886FBA22E594}.Release|Any CPU.ActiveCfg = Release|Any CPU
		{3E7CD953-98EE-4D55-BDB8-886FBA22E594}.Release|Any CPU.Build.0 = Release|Any CPU
		{3E7CD953-98EE-4D55-BDB8-886FBA22E594}.Release|Any CPU.Deploy.0 = Release|Any CPU
		{2D32EA03-E16C-4863-B035-0E0C46F553D3}.Debug|Any CPU.ActiveCfg = Debug|Any CPU
		{2D32EA03-E16C-4863-B035-0E0C46F553D3}.Debug|Any CPU.Build.0 = Debug|Any CPU
		{2D32EA03-E16C-4863-B035-0E0C46F553D3}.Release|Any CPU.ActiveCfg = Release|Any CPU
		{2D32EA03-E16C-4863-B035-0E0C46F553D3}.Release|Any CPU.Build.0 = Release|Any CPU
	EndGlobalSection
	GlobalSection(SolutionProperties) = preSolution
		HideSolutionNode = FALSE
	EndGlobalSection
EndGlobal
